<Solution>
  <Folder Name="/Domain/">
    <Project Path="Domain/MicroRabbitMQ.Domain.Core/MicroRabbitMQ.Domain.Core.csproj" Id="d03c847b-4e81-409b-9d68-45b7000506e0" />
  </Folder>
  <Folder Name="/Infra.bus/">
    <Project Path="MicroRabbit.Infra.Bus/MicroRabbit.Infra.Bus.csproj" Id="dc458137-85d1-44ac-b3db-c77d098629c8" />
  </Folder>
  <Folder Name="/Infra.IoC/">
    <Project Path="Infra.IoC/MicroRabbitMQ.Infra.IoC/MicroRabbitMQ.Infra.IoC.csproj" Id="25a90755-8ae6-4253-b802-cdabc78f11a1" />
  </Folder>
  <Folder Name="/Microservices/" />
  <Folder Name="/Microservices/Banking/" />
  <Folder Name="/Microservices/Banking/Api/" />
  <Folder Name="/Microservices/Banking/Application/" />
  <Folder Name="/Microservices/Banking/Data/" />
  <Folder Name="/Microservices/Banking/Domain/" />
  <Folder Name="/Presentation/" />
</Solution>
